
Microsoft Visual Studio Solution File, Format Version 12.00
Project("{FAE04EC0-301F-11D3-BF4B-00C04F79EFBC}") = "LiveFlight-Connect", "LiveFlight-Connect\LiveFlight-Connect.csproj", "{7709544C-7F9E-42B8-AB07-011162559C7E}"
EndProject
Project("{FAE04EC0-301F-11D3-BF4B-00C04F79EFBC}") = "Indicators", "Indicators\Indicators.csproj", "{A914B7D3-2D9E-425C-B3E6-2AA6C08C77F9}"
EndProject
Project("{FAE04EC0-301F-11D3-BF4B-00C04F79EFBC}") = "IFConnect", "IFConnect\IFConnect.csproj", "{98717613-7F5B-4624-8BDF-56B74AA5961C}"
EndProject
Project("{FAE04EC0-301F-11D3-BF4B-00C04F79EFBC}") = "IF_FMS", "IF_FMS\IF_FMS.csproj", "{2180402F-27D4-481E-BF76-1011F0E63CCA}"
EndProject
Project("{FAE04EC0-301F-11D3-BF4B-00C04F79EFBC}") = "FlightPlanDatabase", "FlightPlanDatabase\FlightPlanDatabase.csproj", "{B81F148B-B564-4A0C-84CE-CE0AA6477B67}"
EndProject
Global
	GlobalSection(SolutionConfigurationPlatforms) = preSolution
		Debug|Any CPU = Debug|Any CPU
		Release|Any CPU = Release|Any CPU
	EndGlobalSection
	GlobalSection(ProjectConfigurationPlatforms) = postSolution
		{7709544C-7F9E-42B8-AB07-011162559C7E}.Debug|Any CPU.ActiveCfg = Debug|Any CPU
		{7709544C-7F9E-42B8-AB07-011162559C7E}.Debug|Any CPU.Build.0 = Debug|Any CPU
		{7709544C-7F9E-42B8-AB07-011162559C7E}.Release|Any CPU.ActiveCfg = Release|Any CPU
		{7709544C-7F9E-42B8-AB07-011162559C7E}.Release|Any CPU.Build.0 = Release|Any CPU
		{A914B7D3-2D9E-425C-B3E6-2AA6C08C77F9}.Debug|Any CPU.ActiveCfg = Debug|Any CPU
		{A914B7D3-2D9E-425C-B3E6-2AA6C08C77F9}.Debug|Any CPU.Build.0 = Debug|Any CPU
		{A914B7D3-2D9E-425C-B3E6-2AA6C08C77F9}.Release|Any CPU.ActiveCfg = Release|Any CPU
		{A914B7D3-2D9E-425C-B3E6-2AA6C08C77F9}.Release|Any CPU.Build.0 = Release|Any CPU
		{98717613-7F5B-4624-8BDF-56B74AA5961C}.Debug|Any CPU.ActiveCfg = Debug|Any CPU
		{98717613-7F5B-4624-8BDF-56B74AA5961C}.Debug|Any CPU.Build.0 = Debug|Any CPU
		{98717613-7F5B-4624-8BDF-56B74AA5961C}.Release|Any CPU.ActiveCfg = Release|Any CPU
		{98717613-7F5B-4624-8BDF-56B74AA5961C}.Release|Any CPU.Build.0 = Release|Any CPU
		{2180402F-27D4-481E-BF76-1011F0E63CCA}.Debug|Any CPU.ActiveCfg = Debug|Any CPU
		{2180402F-27D4-481E-BF76-1011F0E63CCA}.Debug|Any CPU.Build.0 = Debug|Any CPU
		{2180402F-27D4-481E-BF76-1011F0E63CCA}.Release|Any CPU.ActiveCfg = Release|Any CPU
		{2180402F-27D4-481E-BF76-1011F0E63CCA}.Release|Any CPU.Build.0 = Release|Any CPU
		{B81F148B-B564-4A0C-84CE-CE0AA6477B67}.Debug|Any CPU.ActiveCfg = Debug|Any CPU
		{B81F148B-B564-4A0C-84CE-CE0AA6477B67}.Debug|Any CPU.Build.0 = Debug|Any CPU
		{B81F148B-B564-4A0C-84CE-CE0AA6477B67}.Release|Any CPU.ActiveCfg = Release|Any CPU
		{B81F148B-B564-4A0C-84CE-CE0AA6477B67}.Release|Any CPU.Build.0 = Release|Any CPU
	EndGlobalSection
EndGlobal
